
Microsoft Visual Studio Solution File, Format Version 12.00
# Visual Studio Version 17
VisualStudioVersion = 17.9.34723.18
MinimumVisualStudioVersion = 10.0.40219.1
Project("{9A19103F-16F7-4668-BE54-9A1E7A4F7556}") = "E-commerce.APis", "E-commerce.APis\E-commerce.APis.csproj", "{F39E8BD5-B655-4FC2-89BD-CFEF7327B744}"
EndProject
Project("{9A19103F-16F7-4668-BE54-9A1E7A4F7556}") = "CoreLayer", "CoreLayer\CoreLayer.csproj", "{538CBBA9-579E-4F5C-BBDF-97724978A008}"
EndProject
Project("{9A19103F-16F7-4668-BE54-9A1E7A4F7556}") = "ServicesLayer", "ServicesLayer\ServicesLayer.csproj", "{372CE582-5065-458A-9A8B-CE7A34E70211}"
EndProject
Project("{9A19103F-16F7-4668-BE54-9A1E7A4F7556}") = "RepositoryLayer", "RepositoryLayer\RepositoryLayer.csproj", "{862803BB-36D6-40DE-A592-F16EB96D279F}"
EndProject
Global
	GlobalSection(SolutionConfigurationPlatforms) = preSolution
		Debug|Any CPU = Debug|Any CPU
		Release|Any CPU = Release|Any CPU
	EndGlobalSection
	GlobalSection(ProjectConfigurationPlatforms) = postSolution
		{F39E8BD5-B655-4FC2-89BD-CFEF7327B744}.Debug|Any CPU.ActiveCfg = Debug|Any CPU
		{F39E8BD5-B655-4FC2-89BD-CFEF7327B744}.Debug|Any CPU.Build.0 = Debug|Any CPU
		{F39E8BD5-B655-4FC2-89BD-CFEF7327B744}.Release|Any CPU.ActiveCfg = Release|Any CPU
		{F39E8BD5-B655-4FC2-89BD-CFEF7327B744}.Release|Any CPU.Build.0 = Release|Any CPU
		{538CBBA9-579E-4F5C-BBDF-97724978A008}.Debug|Any CPU.ActiveCfg = Debug|Any CPU
		{538CBBA9-579E-4F5C-BBDF-97724978A008}.Debug|Any CPU.Build.0 = Debug|Any CPU
		{538CBBA9-579E-4F5C-BBDF-97724978A008}.Release|Any CPU.ActiveCfg = Release|Any CPU
		{538CBBA9-579E-4F5C-BBDF-97724978A008}.Release|Any CPU.Build.0 = Release|Any CPU
		{372CE582-5065-458A-9A8B-CE7A34E70211}.Debug|Any CPU.ActiveCfg = Debug|Any CPU
		{372CE582-5065-458A-9A8B-CE7A34E70211}.Debug|Any CPU.Build.0 = Debug|Any CPU
		{372CE582-5065-458A-9A8B-CE7A34E70211}.Release|Any CPU.ActiveCfg = Release|Any CPU
		{372CE582-5065-458A-9A8B-CE7A34E70211}.Release|Any CPU.Build.0 = Release|Any CPU
		{862803BB-36D6-40DE-A592-F16EB96D279F}.Debug|Any CPU.ActiveCfg = Debug|Any CPU
		{862803BB-36D6-40DE-A592-F16EB96D279F}.Debug|Any CPU.Build.0 = Debug|Any CPU
		{862803BB-36D6-40DE-A592-F16EB96D279F}.Release|Any CPU.ActiveCfg = Release|Any CPU
		{862803BB-36D6-40DE-A592-F16EB96D279F}.Release|Any CPU.Build.0 = Release|Any CPU
	EndGlobalSection
	GlobalSection(SolutionProperties) = preSolution
		HideSolutionNode = FALSE
	EndGlobalSection
	GlobalSection(ExtensibilityGlobals) = postSolution
		SolutionGuid = {A05DB42D-2D77-457B-9F5B-04D4B067B9A2}
	EndGlobalSection
EndGlobal
